// !$*UTF8*$!
{
	archiveVersion = 1;
	classes = {
	};
	objectVersion = 46;
	objects = {

/* Begin PBXBuildFile section */
		C2F566C51E046882008DC5A2 /* AppDelegate.swift in Sources */ = {isa = PBXBuildFile; fileRef = C2F566C41E046882008DC5A2 /* AppDelegate.swift */; };
		C2F566C71E046882008DC5A2 /* ViewController.swift in Sources */ = {isa = PBXBuildFile; fileRef = C2F566C61E046882008DC5A2 /* ViewController.swift */; };
		C2F566CA1E046882008DC5A2 /* Main.storyboard in Resources */ = {isa = PBXBuildFile; fileRef = C2F566C81E046882008DC5A2 /* Main.storyboard */; };
		C2F566CC1E046882008DC5A2 /* Assets.xcassets in Resources */ = {isa = PBXBuildFile; fileRef = C2F566CB1E046882008DC5A2 /* Assets.xcassets */; };
		C2F566CF1E046882008DC5A2 /* LaunchScreen.storyboard in Resources */ = {isa = PBXBuildFile; fileRef = C2F566CD1E046882008DC5A2 /* LaunchScreen.storyboard */; };
		C2F566DA1E046882008DC5A2 /* SaveTheKittensExceptTheHairlessOnesTests.swift in Sources */ = {isa = PBXBuildFile; fileRef = C2F566D91E046882008DC5A2 /* SaveTheKittensExceptTheHairlessOnesTests.swift */; };
		C2F566E51E046882008DC5A2 /* SaveTheKittensExceptTheHairlessOnesUITests.swift in Sources */ = {isa = PBXBuildFile; fileRef = C2F566E41E046882008DC5A2 /* SaveTheKittensExceptTheHairlessOnesUITests.swift */; };
/* End PBXBuildFile section */

/* Begin PBXContainerItemProxy section */
		C2F566D61E046882008DC5A2 /* PBXContainerItemProxy */ = {
			isa = PBXContainerItemProxy;
			containerPortal = C2F566B91E046882008DC5A2 /* Project object */;
			proxyType = 1;
			remoteGlobalIDString = C2F566C01E046882008DC5A2;
			remoteInfo = SaveTheKittensExceptTheHairlessOnes;
		};
		C2F566E11E046882008DC5A2 /* PBXContainerItemProxy */ = {
			isa = PBXContainerItemProxy;
			containerPortal = C2F566B91E046882008DC5A2 /* Project object */;
			proxyType = 1;
			remoteGlobalIDString = C2F566C01E046882008DC5A2;
			remoteInfo = SaveTheKittensExceptTheHairlessOnes;
		};
/* End PBXContainerItemProxy section */

/* Begin PBXFileReference section */
		C2F566C11E046882008DC5A2 /* SaveTheKittensExceptTheHairlessOnes.app */ = {isa = PBXFileReference; explicitFileType = wrapper.application; includeInIndex = 0; path = SaveTheKittensExceptTheHairlessOnes.app; sourceTree = BUILT_PRODUCTS_DIR; };
		C2F566C41E046882008DC5A2 /* AppDelegate.swift */ = {isa = PBXFileReference; lastKnownFileType = sourcecode.swift; path = AppDelegate.swift; sourceTree = "<group>"; };
		C2F566C61E046882008DC5A2 /* ViewController.swift */ = {isa = PBXFileReference; lastKnownFileType = sourcecode.swift; path = ViewController.swift; sourceTree = "<group>"; };
		C2F566C91E046882008DC5A2 /* Base */ = {isa = PBXFileReference; lastKnownFileType = file.storyboard; name = Base; path = Base.lproj/Main.storyboard; sourceTree = "<group>"; };
		C2F566CB1E046882008DC5A2 /* Assets.xcassets */ = {isa = PBXFileReference; lastKnownFileType = folder.assetcatalog; path = Assets.xcassets; sourceTree = "<group>"; };
		C2F566CE1E046882008DC5A2 /* Base */ = {isa = PBXFileReference; lastKnownFileType = file.storyboard; name = Base; path = Base.lproj/LaunchScreen.storyboard; sourceTree = "<group>"; };
		C2F566D01E046882008DC5A2 /* Info.plist */ = {isa = PBXFileReference; lastKnownFileType = text.plist.xml; path = Info.plist; sourceTree = "<group>"; };
		C2F566D51E046882008DC5A2 /* SaveTheKittensExceptTheHairlessOnesTests.xctest */ = {isa = PBXFileReference; explicitFileType = wrapper.cfbundle; includeInIndex = 0; path = SaveTheKittensExceptTheHairlessOnesTests.xctest; sourceTree = BUILT_PRODUCTS_DIR; };
		C2F566D91E046882008DC5A2 /* SaveTheKittensExceptTheHairlessOnesTests.swift */ = {isa = PBXFileReference; lastKnownFileType = sourcecode.swift; path = SaveTheKittensExceptTheHairlessOnesTests.swift; sourceTree = "<group>"; };
		C2F566DB1E046882008DC5A2 /* Info.plist */ = {isa = PBXFileReference; lastKnownFileType = text.plist.xml; path = Info.plist; sourceTree = "<group>"; };
		C2F566E01E046882008DC5A2 /* SaveTheKittensExceptTheHairlessOnesUITests.xctest */ = {isa = PBXFileReference; explicitFileType = wrapper.cfbundle; includeInIndex = 0; path = SaveTheKittensExceptTheHairlessOnesUITests.xctest; sourceTree = BUILT_PRODUCTS_DIR; };
		C2F566E41E046882008DC5A2 /* SaveTheKittensExceptTheHairlessOnesUITests.swift */ = {isa = PBXFileReference; lastKnownFileType = sourcecode.swift; path = SaveTheKittensExceptTheHairlessOnesUITests.swift; sourceTree = "<group>"; };
		C2F566E61E046882008DC5A2 /* Info.plist */ = {isa = PBXFileReference; lastKnownFileType = text.plist.xml; path = Info.plist; sourceTree = "<group>"; };
/* End PBXFileReference section */

/* Begin PBXFrameworksBuildPhase section */
		C2F566BE1E046882008DC5A2 /* Frameworks */ = {
			isa = PBXFrameworksBuildPhase;
			buildActionMask = 2147483647;
			files = (
			);
			runOnlyForDeploymentPostprocessing = 0;
		};
		C2F566D21E046882008DC5A2 /* Frameworks */ = {
			isa = PBXFrameworksBuildPhase;
			buildActionMask = 2147483647;
			files = (
			);
			runOnlyForDeploymentPostprocessing = 0;
		};
		C2F566DD1E046882008DC5A2 /* Frameworks */ = {
			isa = PBXFrameworksBuildPhase;
			buildActionMask = 2147483647;
			files = (
			);
			runOnlyForDeploymentPostprocessing = 0;
		};
/* End PBXFrameworksBuildPhase section */

/* Begin PBXGroup section */
		C2F566B81E046882008DC5A2 = {
			isa = PBXGroup;
			children = (
				C2F566C31E046882008DC5A2 /* SaveTheKittensExceptTheHairlessOnes */,
				C2F566D81E046882008DC5A2 /* SaveTheKittensExceptTheHairlessOnesTests */,
				C2F566E31E046882008DC5A2 /* SaveTheKittensExceptTheHairlessOnesUITests */,
				C2F566C21E046882008DC5A2 /* Products */,
			);
			sourceTree = "<group>";
		};
		C2F566C21E046882008DC5A2 /* Products */ = {
			isa = PBXGroup;
			children = (
				C2F566C11E046882008DC5A2 /* SaveTheKittensExceptTheHairlessOnes.app */,
				C2F566D51E046882008DC5A2 /* SaveTheKittensExceptTheHairlessOnesTests.xctest */,
				C2F566E01E046882008DC5A2 /* SaveTheKittensExceptTheHairlessOnesUITests.xctest */,
			);
			name = Products;
			sourceTree = "<group>";
		};
		C2F566C31E046882008DC5A2 /* SaveTheKittensExceptTheHairlessOnes */ = {
			isa = PBXGroup;
			children = (
				C2F566C41E046882008DC5A2 /* AppDelegate.swift */,
				C2F566C61E046882008DC5A2 /* ViewController.swift */,
				C2F566C81E046882008DC5A2 /* Main.storyboard */,
				C2F566CB1E046882008DC5A2 /* Assets.xcassets */,
				C2F566CD1E046882008DC5A2 /* LaunchScreen.storyboard */,
				C2F566D01E046882008DC5A2 /* Info.plist */,
			);
			path = SaveTheKittensExceptTheHairlessOnes;
			sourceTree = "<group>";
		};
		C2F566D81E046882008DC5A2 /* SaveTheKittensExceptTheHairlessOnesTests */ = {
			isa = PBXGroup;
			children = (
				C2F566D91E046882008DC5A2 /* SaveTheKittensExceptTheHairlessOnesTests.swift */,
				C2F566DB1E046882008DC5A2 /* Info.plist */,
			);
			path = SaveTheKittensExceptTheHairlessOnesTests;
			sourceTree = "<group>";
		};
		C2F566E31E046882008DC5A2 /* SaveTheKittensExceptTheHairlessOnesUITests */ = {
			isa = PBXGroup;
			children = (
				C2F566E41E046882008DC5A2 /* SaveTheKittensExceptTheHairlessOnesUITests.swift */,
				C2F566E61E046882008DC5A2 /* Info.plist */,
			);
			path = SaveTheKittensExceptTheHairlessOnesUITests;
			sourceTree = "<group>";
		};
/* End PBXGroup section */

/* Begin PBXNativeTarget section */
		C2F566C01E046882008DC5A2 /* SaveTheKittensExceptTheHairlessOnes */ = {
			isa = PBXNativeTarget;
			buildConfigurationList = C2F566E91E046882008DC5A2 /* Build configuration list for PBXNativeTarget "SaveTheKittensExceptTheHairlessOnes" */;
			buildPhases = (
				C2F566BD1E046882008DC5A2 /* Sources */,
				C2F566BE1E046882008DC5A2 /* Frameworks */,
				C2F566BF1E046882008DC5A2 /* Resources */,
			);
			buildRules = (
			);
			dependencies = (
			);
			name = SaveTheKittensExceptTheHairlessOnes;
			productName = SaveTheKittensExceptTheHairlessOnes;
			productReference = C2F566C11E046882008DC5A2 /* SaveTheKittensExceptTheHairlessOnes.app */;
			productType = "com.apple.product-type.application";
		};
		C2F566D41E046882008DC5A2 /* SaveTheKittensExceptTheHairlessOnesTests */ = {
			isa = PBXNativeTarget;
			buildConfigurationList = C2F566EC1E046882008DC5A2 /* Build configuration list for PBXNativeTarget "SaveTheKittensExceptTheHairlessOnesTests" */;
			buildPhases = (
				C2F566D11E046882008DC5A2 /* Sources */,
				C2F566D21E046882008DC5A2 /* Frameworks */,
				C2F566D31E046882008DC5A2 /* Resources */,
			);
			buildRules = (
			);
			dependencies = (
				C2F566D71E046882008DC5A2 /* PBXTargetDependency */,
			);
			name = SaveTheKittensExceptTheHairlessOnesTests;
			productName = SaveTheKittensExceptTheHairlessOnesTests;
			productReference = C2F566D51E046882008DC5A2 /* SaveTheKittensExceptTheHairlessOnesTests.xctest */;
			productType = "com.apple.product-type.bundle.unit-test";
		};
		C2F566DF1E046882008DC5A2 /* SaveTheKittensExceptTheHairlessOnesUITests */ = {
			isa = PBXNativeTarget;
			buildConfigurationList = C2F566EF1E046882008DC5A2 /* Build configuration list for PBXNativeTarget "SaveTheKittensExceptTheHairlessOnesUITests" */;
			buildPhases = (
				C2F566DC1E046882008DC5A2 /* Sources */,
				C2F566DD1E046882008DC5A2 /* Frameworks */,
				C2F566DE1E046882008DC5A2 /* Resources */,
			);
			buildRules = (
			);
			dependencies = (
				C2F566E21E046882008DC5A2 /* PBXTargetDependency */,
			);
			name = SaveTheKittensExceptTheHairlessOnesUITests;
			productName = SaveTheKittensExceptTheHairlessOnesUITests;
			productReference = C2F566E01E046882008DC5A2 /* SaveTheKittensExceptTheHairlessOnesUITests.xctest */;
			productType = "com.apple.product-type.bundle.ui-testing";
		};
/* End PBXNativeTarget section */

/* Begin PBXProject section */
		C2F566B91E046882008DC5A2 /* Project object */ = {
			isa = PBXProject;
			attributes = {
				LastSwiftUpdateCheck = 0810;
				LastUpgradeCheck = 0810;
				ORGANIZATIONNAME = DTW;
				TargetAttributes = {
					C2F566C01E046882008DC5A2 = {
						CreatedOnToolsVersion = 8.1;
						ProvisioningStyle = Automatic;
					};
					C2F566D41E046882008DC5A2 = {
						CreatedOnToolsVersion = 8.1;
						ProvisioningStyle = Automatic;
						TestTargetID = C2F566C01E046882008DC5A2;
					};
					C2F566DF1E046882008DC5A2 = {
						CreatedOnToolsVersion = 8.1;
						ProvisioningStyle = Automatic;
						TestTargetID = C2F566C01E046882008DC5A2;
					};
				};
			};
			buildConfigurationList = C2F566BC1E046882008DC5A2 /* Build configuration list for PBXProject "SaveTheKittensExceptTheHairlessOnes" */;
			compatibilityVersion = "Xcode 3.2";
			developmentRegion = English;
			hasScannedForEncodings = 0;
			knownRegions = (
				en,
				Base,
			);
			mainGroup = C2F566B81E046882008DC5A2;
			productRefGroup = C2F566C21E046882008DC5A2 /* Products */;
			projectDirPath = "";
			projectRoot = "";
			targets = (
				C2F566C01E046882008DC5A2 /* SaveTheKittensExceptTheHairlessOnes */,
				C2F566D41E046882008DC5A2 /* SaveTheKittensExceptTheHairlessOnesTests */,
				C2F566DF1E046882008DC5A2 /* SaveTheKittensExceptTheHairlessOnesUITests */,
			);
		};
/* End PBXProject section */

/* Begin PBXResourcesBuildPhase section */
		C2F566BF1E046882008DC5A2 /* Resources */ = {
			isa = PBXResourcesBuildPhase;
			buildActionMask = 2147483647;
			files = (
				C2F566CF1E046882008DC5A2 /* LaunchScreen.storyboard in Resources */,
				C2F566CC1E046882008DC5A2 /* Assets.xcassets in Resources */,
				C2F566CA1E046882008DC5A2 /* Main.storyboard in Resources */,
			);
			runOnlyForDeploymentPostprocessing = 0;
		};
		C2F566D31E046882008DC5A2 /* Resources */ = {
			isa = PBXResourcesBuildPhase;
			buildActionMask = 2147483647;
			files = (
			);
			runOnlyForDeploymentPostprocessing = 0;
		};
		C2F566DE1E046882008DC5A2 /* Resources */ = {
			isa = PBXResourcesBuildPhase;
			buildActionMask = 2147483647;
			files = (
			);
			runOnlyForDeploymentPostprocessing = 0;
		};
/* End PBXResourcesBuildPhase section */

/* Begin PBXSourcesBuildPhase section */
		C2F566BD1E046882008DC5A2 /* Sources */ = {
			isa = PBXSourcesBuildPhase;
			buildActionMask = 2147483647;
			files = (
				C2F566C71E046882008DC5A2 /* ViewController.swift in Sources */,
				C2F566C51E046882008DC5A2 /* AppDelegate.swift in Sources */,
			);
			runOnlyForDeploymentPostprocessing = 0;
		};
		C2F566D11E046882008DC5A2 /* Sources */ = {
			isa = PBXSourcesBuildPhase;
			buildActionMask = 2147483647;
			files = (
				C2F566DA1E046882008DC5A2 /* SaveTheKittensExceptTheHairlessOnesTests.swift in Sources */,
			);
			runOnlyForDeploymentPostprocessing = 0;
		};
		C2F566DC1E046882008DC5A2 /* Sources */ = {
			isa = PBXSourcesBuildPhase;
			buildActionMask = 2147483647;
			files = (
				C2F566E51E046882008DC5A2 /* SaveTheKittensExceptTheHairlessOnesUITests.swift in Sources */,
			);
			runOnlyForDeploymentPostprocessing = 0;
		};
/* End PBXSourcesBuildPhase section */

/* Begin PBXTargetDependency section */
		C2F566D71E046882008DC5A2 /* PBXTargetDependency */ = {
			isa = PBXTargetDependency;
			target = C2F566C01E046882008DC5A2 /* SaveTheKittensExceptTheHairlessOnes */;
			targetProxy = C2F566D61E046882008DC5A2 /* PBXContainerItemProxy */;
		};
		C2F566E21E046882008DC5A2 /* PBXTargetDependency */ = {
			isa = PBXTargetDependency;
			target = C2F566C01E046882008DC5A2 /* SaveTheKittensExceptTheHairlessOnes */;
			targetProxy = C2F566E11E046882008DC5A2 /* PBXContainerItemProxy */;
		};
/* End PBXTargetDependency section */

/* Begin PBXVariantGroup section */
		C2F566C81E046882008DC5A2 /* Main.storyboard */ = {
			isa = PBXVariantGroup;
			children = (
				C2F566C91E046882008DC5A2 /* Base */,
			);
			name = Main.storyboard;
			sourceTree = "<group>";
		};
		C2F566CD1E046882008DC5A2 /* LaunchScreen.storyboard */ = {
			isa = PBXVariantGroup;
			children = (
				C2F566CE1E046882008DC5A2 /* Base */,
			);
			name = LaunchScreen.storyboard;
			sourceTree = "<group>";
		};
/* End PBXVariantGroup section */

/* Begin XCBuildConfiguration section */
		C2F566E71E046882008DC5A2 /* Debug */ = {
			isa = XCBuildConfiguration;
			buildSettings = {
				ALWAYS_SEARCH_USER_PATHS = NO;
				CLANG_ANALYZER_NONNULL = YES;
				CLANG_CXX_LANGUAGE_STANDARD = "gnu++0x";
				CLANG_CXX_LIBRARY = "libc++";
				CLANG_ENABLE_MODULES = YES;
				CLANG_ENABLE_OBJC_ARC = YES;
				CLANG_WARN_BOOL_CONVERSION = YES;
				CLANG_WARN_CONSTANT_CONVERSION = YES;
				CLANG_WARN_DIRECT_OBJC_ISA_USAGE = YES_ERROR;
				CLANG_WARN_DOCUMENTATION_COMMENTS = YES;
				CLANG_WARN_EMPTY_BODY = YES;
				CLANG_WARN_ENUM_CONVERSION = YES;
				CLANG_WARN_INFINITE_RECURSION = YES;
				CLANG_WARN_INT_CONVERSION = YES;
				CLANG_WARN_OBJC_ROOT_CLASS = YES_ERROR;
				CLANG_WARN_SUSPICIOUS_MOVES = YES;
				CLANG_WARN_UNREACHABLE_CODE = YES;
				CLANG_WARN__DUPLICATE_METHOD_MATCH = YES;
				"CODE_SIGN_IDENTITY[sdk=iphoneos*]" = "iPhone Developer";
				COPY_PHASE_STRIP = NO;
				DEBUG_INFORMATION_FORMAT = dwarf;
				ENABLE_STRICT_OBJC_MSGSEND = YES;
				ENABLE_TESTABILITY = YES;
				GCC_C_LANGUAGE_STANDARD = gnu99;
				GCC_DYNAMIC_NO_PIC = NO;
				GCC_NO_COMMON_BLOCKS = YES;
				GCC_OPTIMIZATION_LEVEL = 0;
				GCC_PREPROCESSOR_DEFINITIONS = (
					"DEBUG=1",
					"$(inherited)",
				);
				GCC_WARN_64_TO_32_BIT_CONVERSION = YES;
				GCC_WARN_ABOUT_RETURN_TYPE = YES_ERROR;
				GCC_WARN_UNDECLARED_SELECTOR = YES;
				GCC_WARN_UNINITIALIZED_AUTOS = YES_AGGRESSIVE;
				GCC_WARN_UNUSED_FUNCTION = YES;
				GCC_WARN_UNUSED_VARIABLE = YES;
				IPHONEOS_DEPLOYMENT_TARGET = 10.1;
				MTL_ENABLE_DEBUG_INFO = YES;
				ONLY_ACTIVE_ARCH = YES;
				SDKROOT = iphoneos;
				SWIFT_ACTIVE_COMPILATION_CONDITIONS = DEBUG;
				SWIFT_OPTIMIZATION_LEVEL = "-Onone";
				TARGETED_DEVICE_FAMILY = "1,2";
			};
			name = Debug;
		};
		C2F566E81E046882008DC5A2 /* Release */ = {
			isa = XCBuildConfiguration;
			buildSettings = {
				ALWAYS_SEARCH_USER_PATHS = NO;
				CLANG_ANALYZER_NONNULL = YES;
				CLANG_CXX_LANGUAGE_STANDARD = "gnu++0x";
				CLANG_CXX_LIBRARY = "libc++";
				CLANG_ENABLE_MODULES = YES;
				CLANG_ENABLE_OBJC_ARC = YES;
				CLANG_WARN_BOOL_CONVERSION = YES;
				CLANG_WARN_CONSTANT_CONVERSION = YES;
				CLANG_WARN_DIRECT_OBJC_ISA_USAGE = YES_ERROR;
				CLANG_WARN_DOCUMENTATION_COMMENTS = YES;
				CLANG_WARN_EMPTY_BODY = YES;
				CLANG_WARN_ENUM_CONVERSION = YES;
				CLANG_WARN_INFINITE_RECURSION = YES;
				CLANG_WARN_INT_CONVERSION = YES;
				CLANG_WARN_OBJC_ROOT_CLASS = YES_ERROR;
				CLANG_WARN_SUSPICIOUS_MOVES = YES;
				CLANG_WARN_UNREACHABLE_CODE = YES;
				CLANG_WARN__DUPLICATE_METHOD_MATCH = YES;
				"CODE_SIGN_IDENTITY[sdk=iphoneos*]" = "iPhone Developer";
				COPY_PHASE_STRIP = NO;
				DEBUG_INFORMATION_FORMAT = "dwarf-with-dsym";
				ENABLE_NS_ASSERTIONS = NO;
				ENABLE_STRICT_OBJC_MSGSEND = YES;
				GCC_C_LANGUAGE_STANDARD = gnu99;
				GCC_NO_COMMON_BLOCKS = YES;
				GCC_WARN_64_TO_32_BIT_CONVERSION = YES;
				GCC_WARN_ABOUT_RETURN_TYPE = YES_ERROR;
				GCC_WARN_UNDECLARED_SELECTOR = YES;
				GCC_WARN_UNINITIALIZED_AUTOS = YES_AGGRESSIVE;
				GCC_WARN_UNUSED_FUNCTION = YES;
				GCC_WARN_UNUSED_VARIABLE = YES;
				IPHONEOS_DEPLOYMENT_TARGET = 10.1;
				MTL_ENABLE_DEBUG_INFO = NO;
				SDKROOT = iphoneos;
				SWIFT_OPTIMIZATION_LEVEL = "-Owholemodule";
				TARGETED_DEVICE_FAMILY = "1,2";
				VALIDATE_PRODUCT = YES;
			};
			name = Release;
		};
		C2F566EA1E046882008DC5A2 /* Debug */ = {
			isa = XCBuildConfiguration;
			buildSettings = {
				ASSETCATALOG_COMPILER_APPICON_NAME = AppIcon;
				INFOPLIST_FILE = SaveTheKittensExceptTheHairlessOnes/Info.plist;
				LD_RUNPATH_SEARCH_PATHS = "$(inherited) @executable_path/Frameworks";
				PRODUCT_BUNDLE_IDENTIFIER = com.SaveTheKittensExceptTheHairlessOnes;
				PRODUCT_NAME = "$(TARGET_NAME)";
				SWIFT_VERSION = 3.0;
			};
			name = Debug;
		};
		C2F566EB1E046882008DC5A2 /* Release */ = {
			isa = XCBuildConfiguration;
			buildSettings = {
				ASSETCATALOG_COMPILER_APPICON_NAME = AppIcon;
				INFOPLIST_FILE = SaveTheKittensExceptTheHairlessOnes/Info.plist;
				LD_RUNPATH_SEARCH_PATHS = "$(inherited) @executable_path/Frameworks";
				PRODUCT_BUNDLE_IDENTIFIER = com.SaveTheKittensExceptTheHairlessOnes;
				PRODUCT_NAME = "$(TARGET_NAME)";
				SWIFT_VERSION = 3.0;
			};
			name = Release;
		};
		C2F566ED1E046882008DC5A2 /* Debug */ = {
			isa = XCBuildConfiguration;
			buildSettings = {
				ALWAYS_EMBED_SWIFT_STANDARD_LIBRARIES = YES;
				BUNDLE_LOADER = "$(TEST_HOST)";
				INFOPLIST_FILE = SaveTheKittensExceptTheHairlessOnesTests/Info.plist;
				LD_RUNPATH_SEARCH_PATHS = "$(inherited) @executable_path/Frameworks @loader_path/Frameworks";
				PRODUCT_BUNDLE_IDENTIFIER = com.SaveTheKittensExceptTheHairlessOnesTests;
				PRODUCT_NAME = "$(TARGET_NAME)";
				SWIFT_VERSION = 3.0;
				TEST_HOST = "$(BUILT_PRODUCTS_DIR)/SaveTheKittensExceptTheHairlessOnes.app/SaveTheKittensExceptTheHairlessOnes";
			};
			name = Debug;
		};
		C2F566EE1E046882008DC5A2 /* Release */ = {
			isa = XCBuildConfiguration;
			buildSettings = {
				ALWAYS_EMBED_SWIFT_STANDARD_LIBRARIES = YES;
				BUNDLE_LOADER = "$(TEST_HOST)";
				INFOPLIST_FILE = SaveTheKittensExceptTheHairlessOnesTests/Info.plist;
				LD_RUNPATH_SEARCH_PATHS = "$(inherited) @executable_path/Frameworks @loader_path/Frameworks";
				PRODUCT_BUNDLE_IDENTIFIER = com.SaveTheKittensExceptTheHairlessOnesTests;
				PRODUCT_NAME = "$(TARGET_NAME)";
				SWIFT_VERSION = 3.0;
				TEST_HOST = "$(BUILT_PRODUCTS_DIR)/SaveTheKittensExceptTheHairlessOnes.app/SaveTheKittensExceptTheHairlessOnes";
			};
			name = Release;
		};
		C2F566F01E046882008DC5A2 /* Debug */ = {
			isa = XCBuildConfiguration;
			buildSettings = {
				ALWAYS_EMBED_SWIFT_STANDARD_LIBRARIES = YES;
				INFOPLIST_FILE = SaveTheKittensExceptTheHairlessOnesUITests/Info.plist;
				LD_RUNPATH_SEARCH_PATHS = "$(inherited) @executable_path/Frameworks @loader_path/Frameworks";
				PRODUCT_BUNDLE_IDENTIFIER = com.SaveTheKittensExceptTheHairlessOnesUITests;
				PRODUCT_NAME = "$(TARGET_NAME)";
				SWIFT_VERSION = 3.0;
				TEST_TARGET_NAME = SaveTheKittensExceptTheHairlessOnes;
			};
			name = Debug;
		};
		C2F566F11E046882008DC5A2 /* Release */ = {
			isa = XCBuildConfiguration;
			buildSettings = {
				ALWAYS_EMBED_SWIFT_STANDARD_LIBRARIES = YES;
				INFOPLIST_FILE = SaveTheKittensExceptTheHairlessOnesUITests/Info.plist;
				LD_RUNPATH_SEARCH_PATHS = "$(inherited) @executable_path/Frameworks @loader_path/Frameworks";
				PRODUCT_BUNDLE_IDENTIFIER = com.SaveTheKittensExceptTheHairlessOnesUITests;
				PRODUCT_NAME = "$(TARGET_NAME)";
				SWIFT_VERSION = 3.0;
				TEST_TARGET_NAME = SaveTheKittensExceptTheHairlessOnes;
			};
			name = Release;
		};
/* End XCBuildConfiguration section */

/* Begin XCConfigurationList section */
		C2F566BC1E046882008DC5A2 /* Build configuration list for PBXProject "SaveTheKittensExceptTheHairlessOnes" */ = {
			isa = XCConfigurationList;
			buildConfigurations = (
				C2F566E71E046882008DC5A2 /* Debug */,
				C2F566E81E046882008DC5A2 /* Release */,
			);
			defaultConfigurationIsVisible = 0;
			defaultConfigurationName = Release;
		};
		C2F566E91E046882008DC5A2 /* Build configuration list for PBXNativeTarget "SaveTheKittensExceptTheHairlessOnes" */ = {
			isa = XCConfigurationList;
			buildConfigurations = (
				C2F566EA1E046882008DC5A2 /* Debug */,
				C2F566EB1E046882008DC5A2 /* Release */,
			);
			defaultConfigurationIsVisible = 0;
		};
		C2F566EC1E046882008DC5A2 /* Build configuration list for PBXNativeTarget "SaveTheKittensExceptTheHairlessOnesTests" */ = {
			isa = XCConfigurationList;
			buildConfigurations = (
				C2F566ED1E046882008DC5A2 /* Debug */,
				C2F566EE1E046882008DC5A2 /* Release */,
			);
			defaultConfigurationIsVisible = 0;
		};
		C2F566EF1E046882008DC5A2 /* Build configuration list for PBXNativeTarget "SaveTheKittensExceptTheHairlessOnesUITests" */ = {
			isa = XCConfigurationList;
			buildConfigurations = (
				C2F566F01E046882008DC5A2 /* Debug */,
				C2F566F11E046882008DC5A2 /* Release */,
			);
			defaultConfigurationIsVisible = 0;
		};
/* End XCConfigurationList section */
	};
	rootObject = C2F566B91E046882008DC5A2 /* Project object */;
}
